// !$*UTF8*$!
{
	archiveVersion = 1;
	classes = {
	};
	objectVersion = 77;
	objects = {

/* Begin PBXBuildFile section */
		C31913F02F7E789700B0FA3B /* Supabase in Frameworks */ = {isa = PBXBuildFile; productRef = C31913EF2F7E789700B0FA3B /* Supabase */; };
		C3267CC42F7E284A00633BAC /* Supabase in Frameworks */ = {isa = PBXBuildFile; productRef = F1A001B22A00111100AAA111 /* Supabase */; };
		C356670E2F7D12A300803CD8 /* AuthenticationServices.framework in Frameworks */ = {isa = PBXBuildFile; fileRef = C356670D2F7D12A300803CD8 /* AuthenticationServices.framework */; };
		C35667182F7D12A400803CD8 /* autenticacion.appex in Embed Foundation Extensions */ = {isa = PBXBuildFile; fileRef = C356670B2F7D12A300803CD8 /* autenticacion.appex */; settings = {ATTRIBUTES = (RemoveHeadersOnCopy, ); }; };
		F1A001B12A00111100AAA111 /* Supabase in Frameworks */ = {isa = PBXBuildFile; productRef = F1A001B22A00111100AAA111 /* Supabase */; };
/* End PBXBuildFile section */

/* Begin PBXContainerItemProxy section */
		C35667162F7D12A400803CD8 /* PBXContainerItemProxy */ = {
			isa = PBXContainerItemProxy;
			containerPortal = C37277782F7CA8A200CDDF86 /* Project object */;
			proxyType = 1;
			remoteGlobalIDString = C356670A2F7D12A300803CD8;
			remoteInfo = autenticacion;
		};
		C372778E2F7CA8A400CDDF86 /* PBXContainerItemProxy */ = {
			isa = PBXContainerItemProxy;
			containerPortal = C37277782F7CA8A200CDDF86 /* Project object */;
			proxyType = 1;
			remoteGlobalIDString = C372777F2F7CA8A200CDDF86;
			remoteInfo = "Balance X";
		};
		C37277982F7CA8A400CDDF86 /* PBXContainerItemProxy */ = {
			isa = PBXContainerItemProxy;
			containerPortal = C37277782F7CA8A200CDDF86 /* Project object */;
			proxyType = 1;
			remoteGlobalIDString = C372777F2F7CA8A200CDDF86;
			remoteInfo = "Balance X";
		};
/* End PBXContainerItemProxy section */

/* Begin PBXCopyFilesBuildPhase section */
		C356671D2F7D12A400803CD8 /* Embed Foundation Extensions */ = {
			isa = PBXCopyFilesBuildPhase;
			buildActionMask = 2147483647;
			dstPath = "";
			dstSubfolderSpec = 13;
			files = (
				C35667182F7D12A400803CD8 /* autenticacion.appex in Embed Foundation Extensions */,
			);
			name = "Embed Foundation Extensions";
			runOnlyForDeploymentPostprocessing = 0;
		};
/* End PBXCopyFilesBuildPhase section */

/* Begin PBXFileReference section */
		C356670B2F7D12A300803CD8 /* autenticacion.appex */ = {isa = PBXFileReference; explicitFileType = "wrapper.app-extension"; includeInIndex = 0; path = autenticacion.appex; sourceTree = BUILT_PRODUCTS_DIR; };
		C356670D2F7D12A300803CD8 /* AuthenticationServices.framework */ = {isa = PBXFileReference; lastKnownFileType = wrapper.framework; name = AuthenticationServices.framework; path = System/Library/Frameworks/AuthenticationServices.framework; sourceTree = SDKROOT; };
		C37277802F7CA8A200CDDF86 /* Balance X.app */ = {isa = PBXFileReference; explicitFileType = wrapper.application; includeInIndex = 0; path = "Balance X.app"; sourceTree = BUILT_PRODUCTS_DIR; };
		C372778D2F7CA8A400CDDF86 /* Balance XTests.xctest */ = {isa = PBXFileReference; explicitFileType = wrapper.cfbundle; includeInIndex = 0; path = "Balance XTests.xctest"; sourceTree = BUILT_PRODUCTS_DIR; };
		C37277972F7CA8A400CDDF86 /* Balance XUITests.xctest */ = {isa = PBXFileReference; explicitFileType = wrapper.cfbundle; includeInIndex = 0; path = "Balance XUITests.xctest"; sourceTree = BUILT_PRODUCTS_DIR; };
/* End PBXFileReference section */

/* Begin PBXFileSystemSynchronizedBuildFileExceptionSet section */
		C35667192F7D12A400803CD8 /* Exceptions for "autenticacion" folder in "autenticacion" target */ = {
			isa = PBXFileSystemSynchronizedBuildFileExceptionSet;
			membershipExceptions = (
				Info.plist,
			);
			target = C356670A2F7D12A300803CD8 /* autenticacion */;
		};
		C37277AA2F7CA8A200CDDF86 /* Exceptions for "Balance X" folder in "Balance X" target */ = {
			isa = PBXFileSystemSynchronizedBuildFileExceptionSet;
			membershipExceptions = (
				Info.plist,
			);
			target = C372777F2F7CA8A200CDDF86 /* Balance X */;
		};
/* End PBXFileSystemSynchronizedBuildFileExceptionSet section */

/* Begin PBXFileSystemSynchronizedRootGroup section */
		C356670F2F7D12A300803CD8 /* autenticacion */ = {
			isa = PBXFileSystemSynchronizedRootGroup;
			exceptions = (
				C35667192F7D12A400803CD8 /* Exceptions for "autenticacion" folder in "autenticacion" target */,
			);
			path = autenticacion;
			sourceTree = "<group>";
		};
		C37277822F7CA8A200CDDF86 /* Balance X */ = {
			isa = PBXFileSystemSynchronizedRootGroup;
			exceptions = (
				C37277AA2F7CA8A200CDDF86 /* Exceptions for "Balance X" folder in "Balance X" target */,
			);
			path = "Balance X";
			sourceTree = "<group>";
		};
		C37277902F7CA8A400CDDF86 /* Balance XTests */ = {
			isa = PBXFileSystemSynchronizedRootGroup;
			path = "Balance XTests";
			sourceTree = "<group>";
		};
		C372779A2F7CA8A400CDDF86 /* Balance XUITests */ = {
			isa = PBXFileSystemSynchronizedRootGroup;
			path = "Balance XUITests";
			sourceTree = "<group>";
		};
/* End PBXFileSystemSynchronizedRootGroup section */

/* Begin PBXFrameworksBuildPhase section */
		C35667082F7D12A300803CD8 /* Frameworks */ = {
			isa = PBXFrameworksBuildPhase;
			buildActionMask = 2147483647;
			files = (
				C3267CC42F7E284A00633BAC /* Supabase in Frameworks */,
				C356670E2F7D12A300803CD8 /* AuthenticationServices.framework in Frameworks */,
			);
			runOnlyForDeploymentPostprocessing = 0;
		};
		C372777D2F7CA8A200CDDF86 /* Frameworks */ = {
			isa = PBXFrameworksBuildPhase;
			buildActionMask = 2147483647;
			files = (
				C31913F02F7E789700B0FA3B /* Supabase in Frameworks */,
				F1A001B12A00111100AAA111 /* Supabase in Frameworks */,
			);
			runOnlyForDeploymentPostprocessing = 0;
		};
		C372778A2F7CA8A400CDDF86 /* Frameworks */ = {
			isa = PBXFrameworksBuildPhase;
			buildActionMask = 2147483647;
			files = (
			);
			runOnlyForDeploymentPostprocessing = 0;
		};
		C37277942F7CA8A400CDDF86 /* Frameworks */ = {
			isa = PBXFrameworksBuildPhase;
			buildActionMask = 2147483647;
			files = (
			);
			runOnlyForDeploymentPostprocessing = 0;
		};
/* End PBXFrameworksBuildPhase section */

/* Begin PBXGroup section */
		C356670C2F7D12A300803CD8 /* Frameworks */ = {
			isa = PBXGroup;
			children = (
				C356670D2F7D12A300803CD8 /* AuthenticationServices.framework */,
			);
			name = Frameworks;
			sourceTree = "<group>";
		};
		C37277772F7CA8A200CDDF86 = {
			isa = PBXGroup;
			children = (
				C37277822F7CA8A200CDDF86 /* Balance X */,
				C37277902F7CA8A400CDDF86 /* Balance XTests */,
				C372779A2F7CA8A400CDDF86 /* Balance XUITests */,
				C356670F2F7D12A300803CD8 /* autenticacion */,
				C356670C2F7D12A300803CD8 /* Frameworks */,
				C37277812F7CA8A200CDDF86 /* Products */,
			);
			sourceTree = "<group>";
		};
		C37277812F7CA8A200CDDF86 /* Products */ = {
			isa = PBXGroup;
			children = (
				C37277802F7CA8A200CDDF86 /* Balance X.app */,
				C372778D2F7CA8A400CDDF86 /* Balance XTests.xctest */,
				C37277972F7CA8A400CDDF86 /* Balance XUITests.xctest */,
				C356670B2F7D12A300803CD8 /* autenticacion.appex */,
			);
			name = Products;
			sourceTree = "<group>";
		};
/* End PBXGroup section */

/* Begin PBXNativeTarget section */
		C356670A2F7D12A300803CD8 /* autenticacion */ = {
			isa = PBXNativeTarget;
			buildConfigurationList = C356671A2F7D12A400803CD8 /* Build configuration list for PBXNativeTarget "autenticacion" */;
			buildPhases = (
				C35667072F7D12A300803CD8 /* Sources */,
				C35667082F7D12A300803CD8 /* Frameworks */,
				C35667092F7D12A300803CD8 /* Resources */,
			);
			buildRules = (
			);
			dependencies = (
			);
			fileSystemSynchronizedGroups = (
				C356670F2F7D12A300803CD8 /* autenticacion */,
			);
			name = autenticacion;
			packageProductDependencies = (
				F1A001B22A00111100AAA111 /* Supabase */,
			);
			productName = autenticacion;
			productReference = C356670B2F7D12A300803CD8 /* autenticacion.appex */;
			productType = "com.apple.product-type.app-extension";
		};
		C372777F2F7CA8A200CDDF86 /* Balance X */ = {
			isa = PBXNativeTarget;
			buildConfigurationList = C37277A12F7CA8A400CDDF86 /* Build configuration list for PBXNativeTarget "Balance X" */;
			buildPhases = (
				C372777C2F7CA8A200CDDF86 /* Sources */,
				C372777D2F7CA8A200CDDF86 /* Frameworks */,
				C372777E2F7CA8A200CDDF86 /* Resources */,
				C356671D2F7D12A400803CD8 /* Embed Foundation Extensions */,
			);
			buildRules = (
			);
			dependencies = (
				C35667172F7D12A400803CD8 /* PBXTargetDependency */,
			);
			fileSystemSynchronizedGroups = (
				C37277822F7CA8A200CDDF86 /* Balance X */,
			);
			name = "Balance X";
			packageProductDependencies = (
				C31913EF2F7E789700B0FA3B /* Supabase */,
			);
			productName = "Balance X";
			productReference = C37277802F7CA8A200CDDF86 /* Balance X.app */;
			productType = "com.apple.product-type.application";
		};
		C372778C2F7CA8A400CDDF86 /* Balance XTests */ = {
			isa = PBXNativeTarget;
			buildConfigurationList = C37277A42F7CA8A400CDDF86 /* Build configuration list for PBXNativeTarget "Balance XTests" */;
			buildPhases = (
				C37277892F7CA8A400CDDF86 /* Sources */,
				C372778A2F7CA8A400CDDF86 /* Frameworks */,
				C372778B2F7CA8A400CDDF86 /* Resources */,
			);
			buildRules = (
			);
			dependencies = (
				C372778F2F7CA8A400CDDF86 /* PBXTargetDependency */,
			);
			fileSystemSynchronizedGroups = (
				C37277902F7CA8A400CDDF86 /* Balance XTests */,
			);
			name = "Balance XTests";
			packageProductDependencies = (
			);
			productName = "Balance XTests";
			productReference = C372778D2F7CA8A400CDDF86 /* Balance XTests.xctest */;
			productType = "com.apple.product-type.bundle.unit-test";
		};
		C37277962F7CA8A400CDDF86 /* Balance XUITests */ = {
			isa = PBXNativeTarget;
			buildConfigurationList = C37277A72F7CA8A400CDDF86 /* Build configuration list for PBXNativeTarget "Balance XUITests" */;
			buildPhases = (
				C37277932F7CA8A400CDDF86 /* Sources */,
				C37277942F7CA8A400CDDF86 /* Frameworks */,
				C37277952F7CA8A400CDDF86 /* Resources */,
			);
			buildRules = (
			);
			dependencies = (
				C37277992F7CA8A400CDDF86 /* PBXTargetDependency */,
			);
			fileSystemSynchronizedGroups = (
				C372779A2F7CA8A400CDDF86 /* Balance XUITests */,
			);
			name = "Balance XUITests";
			packageProductDependencies = (
			);
			productName = "Balance XUITests";
			productReference = C37277972F7CA8A400CDDF86 /* Balance XUITests.xctest */;
			productType = "com.apple.product-type.bundle.ui-testing";
		};
/* End PBXNativeTarget section */

/* Begin PBXProject section */
		C37277782F7CA8A200CDDF86 /* Project object */ = {
			isa = PBXProject;
			attributes = {
				BuildIndependentTargetsInParallel = 1;
				LastSwiftUpdateCheck = 2640;
				LastUpgradeCheck = 2640;
				TargetAttributes = {
					C356670A2F7D12A300803CD8 = {
						CreatedOnToolsVersion = 26.4;
					};
					C372777F2F7CA8A200CDDF86 = {
						CreatedOnToolsVersion = 26.4;
					};
					C372778C2F7CA8A400CDDF86 = {
						CreatedOnToolsVersion = 26.4;
						TestTargetID = C372777F2F7CA8A200CDDF86;
					};
					C37277962F7CA8A400CDDF86 = {
						CreatedOnToolsVersion = 26.4;
						TestTargetID = C372777F2F7CA8A200CDDF86;
					};
				};
			};
			buildConfigurationList = C372777B2F7CA8A200CDDF86 /* Build configuration list for PBXProject "Balance X" */;
			developmentRegion = en;
			hasScannedForEncodings = 0;
			knownRegions = (
				en,
				Base,
			);
			mainGroup = C37277772F7CA8A200CDDF86;
			minimizedProjectReferenceProxies = 1;
			packageReferences = (
				F1A001B32A00111100AAA111 /* XCRemoteSwiftPackageReference "supabase-swift" */,
			);
			preferredProjectObjectVersion = 77;
			productRefGroup = C37277812F7CA8A200CDDF86 /* Products */;
			projectDirPath = "";
			projectRoot = "";
			targets = (
				C372777F2F7CA8A200CDDF86 /* Balance X */,
				C372778C2F7CA8A400CDDF86 /* Balance XTests */,
				C37277962F7CA8A400CDDF86 /* Balance XUITests */,
				C356670A2F7D12A300803CD8 /* autenticacion */,
			);
		};
/* End PBXProject section */

/* Begin PBXResourcesBuildPhase section */
		C35667092F7D12A300803CD8 /* Resources */ = {
			isa = PBXResourcesBuildPhase;
			buildActionMask = 2147483647;
			files = (
			);
			runOnlyForDeploymentPostprocessing = 0;
		};
		C372777E2F7CA8A200CDDF86 /* Resources */ = {
			isa = PBXResourcesBuildPhase;
			buildActionMask = 2147483647;
			files = (
			);
			runOnlyForDeploymentPostprocessing = 0;
		};
		C372778B2F7CA8A400CDDF86 /* Resources */ = {
			isa = PBXResourcesBuildPhase;
			buildActionMask = 2147483647;
			files = (
			);
			runOnlyForDeploymentPostprocessing = 0;
		};
		C37277952F7CA8A400CDDF86 /* Resources */ = {
			isa = PBXResourcesBuildPhase;
			buildActionMask = 2147483647;
			files = (
			);
			runOnlyForDeploymentPostprocessing = 0;
		};
/* End PBXResourcesBuildPhase section */

/* Begin PBXSourcesBuildPhase section */
		C35667072F7D12A300803CD8 /* Sources */ = {
			isa = PBXSourcesBuildPhase;
			buildActionMask = 2147483647;
			files = (
			);
			runOnlyForDeploymentPostprocessing = 0;
		};
		C372777C2F7CA8A200CDDF86 /* Sources */ = {
			isa = PBXSourcesBuildPhase;
			buildActionMask = 2147483647;
			files = (
			);
			runOnlyForDeploymentPostprocessing = 0;
		};
		C37277892F7CA8A400CDDF86 /* Sources */ = {
			isa = PBXSourcesBuildPhase;
			buildActionMask = 2147483647;
			files = (
			);
			runOnlyForDeploymentPostprocessing = 0;
		};
		C37277932F7CA8A400CDDF86 /* Sources */ = {
			isa = PBXSourcesBuildPhase;
			buildActionMask = 2147483647;
			files = (
			);
			runOnlyForDeploymentPostprocessing = 0;
		};
/* End PBXSourcesBuildPhase section */

/* Begin PBXTargetDependency section */
		C35667172F7D12A400803CD8 /* PBXTargetDependency */ = {
			isa = PBXTargetDependency;
			target = C356670A2F7D12A300803CD8 /* autenticacion */;
			targetProxy = C35667162F7D12A400803CD8 /* PBXContainerItemProxy */;
		};
		C372778F2F7CA8A400CDDF86 /* PBXTargetDependency */ = {
			isa = PBXTargetDependency;
			target = C372777F2F7CA8A200CDDF86 /* Balance X */;
			targetProxy = C372778E2F7CA8A400CDDF86 /* PBXContainerItemProxy */;
		};
		C37277992F7CA8A400CDDF86 /* PBXTargetDependency */ = {
			isa = PBXTargetDependency;
			target = C372777F2F7CA8A200CDDF86 /* Balance X */;
			targetProxy = C37277982F7CA8A400CDDF86 /* PBXContainerItemProxy */;
		};
/* End PBXTargetDependency section */

/* Begin XCBuildConfiguration section */
		C356671B2F7D12A400803CD8 /* Debug */ = {
			isa = XCBuildConfiguration;
			buildSettings = {
				CODE_SIGN_STYLE = Automatic;
				CURRENT_PROJECT_VERSION = 1;
				DEVELOPMENT_TEAM = 7AHY966FN2;
				GENERATE_INFOPLIST_FILE = YES;
				INFOPLIST_FILE = autenticacion/Info.plist;
				INFOPLIST_KEY_CFBundleDisplayName = autenticacion;
				INFOPLIST_KEY_NSHumanReadableCopyright = "";
				IPHONEOS_DEPLOYMENT_TARGET = 26.4;
				LD_RUNPATH_SEARCH_PATHS = (
					"$(inherited)",
					"@executable_path/Frameworks",
					"@executable_path/../../Frameworks",
				);
				MARKETING_VERSION = 1.0;
				PRODUCT_BUNDLE_IDENTIFIER = "TheClassified.Balance-X.autenticacion";
				PRODUCT_NAME = "$(TARGET_NAME)";
				SDKROOT = iphoneos;
				SKIP_INSTALL = YES;
				STRING_CATALOG_GENERATE_SYMBOLS = YES;
				SWIFT_APPROACHABLE_CONCURRENCY = YES;
				SWIFT_EMIT_LOC_STRINGS = YES;
				SWIFT_UPCOMING_FEATURE_MEMBER_IMPORT_VISIBILITY = YES;
				SWIFT_VERSION = 5.0;
				TARGETED_DEVICE_FAMILY = "1,2";
			};
			name = Debug;
		};
		C356671C2F7D12A400803CD8 /* Release */ = {
			isa = XCBuildConfiguration;
			buildSettings = {
				CODE_SIGN_STYLE = Automatic;
				CURRENT_PROJECT_VERSION = 1;
				DEVELOPMENT_TEAM = 7AHY966FN2;
				GENERATE_INFOPLIST_FILE = YES;
				INFOPLIST_FILE = autenticacion/Info.plist;
				INFOPLIST_KEY_CFBundleDisplayName = autenticacion;
				INFOPLIST_KEY_NSHumanReadableCopyright = "";
				IPHONEOS_DEPLOYMENT_TARGET = 26.4;
				LD_RUNPATH_SEARCH_PATHS = (
					"$(inherited)",
					"@executable_path/Frameworks",
					"@executable_path/../../Frameworks",
				);
				MARKETING_VERSION = 1.0;
				PRODUCT_BUNDLE_IDENTIFIER = "TheClassified.Balance-X.autenticacion";
				PRODUCT_NAME = "$(TARGET_NAME)";
				SDKROOT = iphoneos;
				SKIP_INSTALL = YES;
				STRING_CATALOG_GENERATE_SYMBOLS = YES;
				SWIFT_APPROACHABLE_CONCURRENCY = YES;
				SWIFT_EMIT_LOC_STRINGS = YES;
				SWIFT_UPCOMING_FEATURE_MEMBER_IMPORT_VISIBILITY = YES;
				SWIFT_VERSION = 5.0;
				TARGETED_DEVICE_FAMILY = "1,2";
				VALIDATE_PRODUCT = YES;
			};
			name = Release;
		};
		C372779F2F7CA8A400CDDF86 /* Debug */ = {
			isa = XCBuildConfiguration;
			buildSettings = {
				ALWAYS_SEARCH_USER_PATHS = NO;
				ASSETCATALOG_COMPILER_GENERATE_SWIFT_ASSET_SYMBOL_EXTENSIONS = YES;
				CLANG_ANALYZER_NONNULL = YES;
				CLANG_ANALYZER_NUMBER_OBJECT_CONVERSION = YES_AGGRESSIVE;
				CLANG_CXX_LANGUAGE_STANDARD = "gnu++20";
				CLANG_ENABLE_MODULES = YES;
				CLANG_ENABLE_OBJC_ARC = YES;
				CLANG_ENABLE_OBJC_WEAK = YES;
				CLANG_WARN_BLOCK_CAPTURE_AUTORELEASING = YES;
				CLANG_WARN_BOOL_CONVERSION = YES;
				CLANG_WARN_COMMA = YES;
				CLANG_WARN_CONSTANT_CONVERSION = YES;
				CLANG_WARN_DEPRECATED_OBJC_IMPLEMENTATIONS = YES;
				CLANG_WARN_DIRECT_OBJC_ISA_USAGE = YES_ERROR;
				CLANG_WARN_DOCUMENTATION_COMMENTS = YES;
				CLANG_WARN_EMPTY_BODY = YES;
				CLANG_WARN_ENUM_CONVERSION = YES;
				CLANG_WARN_INFINITE_RECURSION = YES;
				CLANG_WARN_INT_CONVERSION = YES;
				CLANG_WARN_NON_LITERAL_NULL_CONVERSION = YES;
				CLANG_WARN_OBJC_IMPLICIT_RETAIN_SELF = YES;
				CLANG_WARN_OBJC_LITERAL_CONVERSION = YES;
				CLANG_WARN_OBJC_ROOT_CLASS = YES_ERROR;
				CLANG_WARN_QUOTED_INCLUDE_IN_FRAMEWORK_HEADER = YES;
				CLANG_WARN_RANGE_LOOP_ANALYSIS = YES;
				CLANG_WARN_STRICT_PROTOTYPES = YES;
				CLANG_WARN_SUSPICIOUS_MOVE = YES;
				CLANG_WARN_UNGUARDED_AVAILABILITY = YES_AGGRESSIVE;
				CLANG_WARN_UNREACHABLE_CODE = YES;
				CLANG_WARN__DUPLICATE_METHOD_MATCH = YES;
				COPY_PHASE_STRIP = NO;
				DEBUG_INFORMATION_FORMAT = dwarf;
				DEVELOPMENT_TEAM = 7AHY966FN2;
				ENABLE_STRICT_OBJC_MSGSEND = YES;
				ENABLE_TESTABILITY = YES;
				ENABLE_USER_SCRIPT_SANDBOXING = YES;
				GCC_C_LANGUAGE_STANDARD = gnu17;
				GCC_DYNAMIC_NO_PIC = NO;
				GCC_NO_COMMON_BLOCKS = YES;
				GCC_OPTIMIZATION_LEVEL = 0;
				GCC_PREPROCESSOR_DEFINITIONS = (
					"DEBUG=1",
					"$(inherited)",
				);
				GCC_WARN_64_TO_32_BIT_CONVERSION = YES;
				GCC_WARN_ABOUT_RETURN_TYPE = YES_ERROR;
				GCC_WARN_UNDECLARED_SELECTOR = YES;
				GCC_WARN_UNINITIALIZED_AUTOS = YES_AGGRESSIVE;
				GCC_WARN_UNUSED_FUNCTION = YES;
				GCC_WARN_UNUSED_VARIABLE = YES;
				LOCALIZATION_PREFERS_STRING_CATALOGS = YES;
				MTL_ENABLE_DEBUG_INFO = INCLUDE_SOURCE;
				MTL_FAST_MATH = YES;
				ONLY_ACTIVE_ARCH = YES;
				SWIFT_ACTIVE_COMPILATION_CONDITIONS = "DEBUG $(inherited)";
				SWIFT_OPTIMIZATION_LEVEL = "-Onone";
			};
			name = Debug;
		};
		C37277A02F7CA8A400CDDF86 /* Release */ = {
			isa = XCBuildConfiguration;
			buildSettings = {
				ALWAYS_SEARCH_USER_PATHS = NO;
				ASSETCATALOG_COMPILER_GENERATE_SWIFT_ASSET_SYMBOL_EXTENSIONS = YES;
				CLANG_ANALYZER_NONNULL = YES;
				CLANG_ANALYZER_NUMBER_OBJECT_CONVERSION = YES_AGGRESSIVE;
				CLANG_CXX_LANGUAGE_STANDARD = "gnu++20";
				CLANG_ENABLE_MODULES = YES;
				CLANG_ENABLE_OBJC_ARC = YES;
				CLANG_ENABLE_OBJC_WEAK = YES;
				CLANG_WARN_BLOCK_CAPTURE_AUTORELEASING = YES;
				CLANG_WARN_BOOL_CONVERSION = YES;
				CLANG_WARN_COMMA = YES;
				CLANG_WARN_CONSTANT_CONVERSION = YES;
				CLANG_WARN_DEPRECATED_OBJC_IMPLEMENTATIONS = YES;
				CLANG_WARN_DIRECT_OBJC_ISA_USAGE = YES_ERROR;
				CLANG_WARN_DOCUMENTATION_COMMENTS = YES;
				CLANG_WARN_EMPTY_BODY = YES;
				CLANG_WARN_ENUM_CONVERSION = YES;
				CLANG_WARN_INFINITE_RECURSION = YES;
				CLANG_WARN_INT_CONVERSION = YES;
				CLANG_WARN_NON_LITERAL_NULL_CONVERSION = YES;
				CLANG_WARN_OBJC_IMPLICIT_RETAIN_SELF = YES;
				CLANG_WARN_OBJC_LITERAL_CONVERSION = YES;
				CLANG_WARN_OBJC_ROOT_CLASS = YES_ERROR;
				CLANG_WARN_QUOTED_INCLUDE_IN_FRAMEWORK_HEADER = YES;
				CLANG_WARN_RANGE_LOOP_ANALYSIS = YES;
				CLANG_WARN_STRICT_PROTOTYPES = YES;
				CLANG_WARN_SUSPICIOUS_MOVE = YES;
				CLANG_WARN_UNGUARDED_AVAILABILITY = YES_AGGRESSIVE;
				CLANG_WARN_UNREACHABLE_CODE = YES;
				CLANG_WARN__DUPLICATE_METHOD_MATCH = YES;
				COPY_PHASE_STRIP = NO;
				DEBUG_INFORMATION_FORMAT = "dwarf-with-dsym";
				DEVELOPMENT_TEAM = 7AHY966FN2;
				ENABLE_NS_ASSERTIONS = NO;
				ENABLE_STRICT_OBJC_MSGSEND = YES;
				ENABLE_USER_SCRIPT_SANDBOXING = YES;
				GCC_C_LANGUAGE_STANDARD = gnu17;
				GCC_NO_COMMON_BLOCKS = YES;
				GCC_WARN_64_TO_32_BIT_CONVERSION = YES;
				GCC_WARN_ABOUT_RETURN_TYPE = YES_ERROR;
				GCC_WARN_UNDECLARED_SELECTOR = YES;
				GCC_WARN_UNINITIALIZED_AUTOS = YES_AGGRESSIVE;
				GCC_WARN_UNUSED_FUNCTION = YES;
				GCC_WARN_UNUSED_VARIABLE = YES;
				LOCALIZATION_PREFERS_STRING_CATALOGS = YES;
				MTL_ENABLE_DEBUG_INFO = NO;
				MTL_FAST_MATH = YES;
				SWIFT_COMPILATION_MODE = wholemodule;
			};
			name = Release;
		};
		C37277A22F7CA8A400CDDF86 /* Debug */ = {
			isa = XCBuildConfiguration;
			buildSettings = {
				ASSETCATALOG_COMPILER_APPICON_NAME = AppIcon;
				ASSETCATALOG_COMPILER_GLOBAL_ACCENT_COLOR_NAME = AccentColor;
				ASSETCATALOG_COMPILER_INCLUDE_ALL_APPICON_ASSETS = NO;
				CODE_SIGN_STYLE = Automatic;
				CURRENT_PROJECT_VERSION = 1;
				DEVELOPMENT_TEAM = 7AHY966FN2;
				ENABLE_APP_SANDBOX = YES;
				ENABLE_HARDENED_RUNTIME = YES;
				ENABLE_INCOMING_NETWORK_CONNECTIONS = NO;
				ENABLE_OUTGOING_NETWORK_CONNECTIONS = NO;
				ENABLE_PREVIEWS = YES;
				ENABLE_RESOURCE_ACCESS_AUDIO_INPUT = YES;
				ENABLE_RESOURCE_ACCESS_BLUETOOTH = NO;
				ENABLE_RESOURCE_ACCESS_CALENDARS = NO;
				ENABLE_RESOURCE_ACCESS_CAMERA = YES;
				ENABLE_RESOURCE_ACCESS_CONTACTS = NO;
				ENABLE_RESOURCE_ACCESS_LOCATION = NO;
				ENABLE_RESOURCE_ACCESS_PRINTING = NO;
				ENABLE_RESOURCE_ACCESS_USB = YES;
				ENABLE_USER_SELECTED_FILES = readonly;
				GENERATE_INFOPLIST_FILE = NO;
				INFOPLIST_FILE = "Balance X/Info.plist";
				INFOPLIST_KEY_NSAppTransportSecurity_NSAllowsArbitraryLoads = YES;
				INFOPLIST_KEY_RECEIPT_OCR_BASE_URL = "";
				INFOPLIST_KEY_SUPABASE_PUBLISHABLE_KEY = "$(SUPABASE_PUBLISHABLE_KEY)";
				INFOPLIST_KEY_SUPABASE_URL = "$(SUPABASE_URL)";
				"INFOPLIST_KEY_UIApplicationSceneManifest_Generation[sdk=iphoneos*]" = YES;
				"INFOPLIST_KEY_UIApplicationSceneManifest_Generation[sdk=iphonesimulator*]" = YES;
				"INFOPLIST_KEY_UIApplicationSupportsIndirectInputEvents[sdk=iphoneos*]" = YES;
				"INFOPLIST_KEY_UIApplicationSupportsIndirectInputEvents[sdk=iphonesimulator*]" = YES;
				"INFOPLIST_KEY_UILaunchScreen_Generation[sdk=iphoneos*]" = YES;
				"INFOPLIST_KEY_UILaunchScreen_Generation[sdk=iphonesimulator*]" = YES;
				"INFOPLIST_KEY_UIStatusBarStyle[sdk=iphoneos*]" = UIStatusBarStyleDefault;
				"INFOPLIST_KEY_UIStatusBarStyle[sdk=iphonesimulator*]" = UIStatusBarStyleDefault;
				INFOPLIST_KEY_UISupportedInterfaceOrientations_iPad = "UIInterfaceOrientationPortrait UIInterfaceOrientationPortraitUpsideDown UIInterfaceOrientationLandscapeLeft UIInterfaceOrientationLandscapeRight";
				INFOPLIST_KEY_UISupportedInterfaceOrientations_iPhone = "UIInterfaceOrientationPortrait UIInterfaceOrientationLandscapeLeft UIInterfaceOrientationLandscapeRight";
				IPHONEOS_DEPLOYMENT_TARGET = 26.0;
				LD_RUNPATH_SEARCH_PATHS = "@executable_path/Frameworks";
				"LD_RUNPATH_SEARCH_PATHS[sdk=macosx*]" = "@executable_path/../Frameworks";
				MACOSX_DEPLOYMENT_TARGET = 26.3;
				MARKETING_VERSION = 1.0;
				PRODUCT_BUNDLE_IDENTIFIER = "TheClassified.Balance-X";
				PRODUCT_NAME = "$(TARGET_NAME)";
				REGISTER_APP_GROUPS = YES;
				SDKROOT = auto;
				STRING_CATALOG_GENERATE_SYMBOLS = YES;
				SUPPORTED_PLATFORMS = "iphoneos iphonesimulator";
				SUPPORTS_MACCATALYST = NO;
				SWIFT_APPROACHABLE_CONCURRENCY = YES;
				SWIFT_DEFAULT_ACTOR_ISOLATION = MainActor;
				SWIFT_EMIT_LOC_STRINGS = YES;
				SWIFT_UPCOMING_FEATURE_MEMBER_IMPORT_VISIBILITY = YES;
				SWIFT_VERSION = 5.0;
				TARGETED_DEVICE_FAMILY = 1;
				XROS_DEPLOYMENT_TARGET = 26.4;
			};
			name = Debug;
		};
		C37277A32F7CA8A400CDDF86 /* Release */ = {
			isa = XCBuildConfiguration;
			buildSettings = {
				ASSETCATALOG_COMPILER_APPICON_NAME = AppIcon;
				ASSETCATALOG_COMPILER_GLOBAL_ACCENT_COLOR_NAME = AccentColor;
				ASSETCATALOG_COMPILER_INCLUDE_ALL_APPICON_ASSETS = NO;
				CODE_SIGN_STYLE = Automatic;
				CURRENT_PROJECT_VERSION = 1;
				DEVELOPMENT_TEAM = 7AHY966FN2;
				ENABLE_APP_SANDBOX = YES;
				ENABLE_HARDENED_RUNTIME = YES;
				ENABLE_INCOMING_NETWORK_CONNECTIONS = NO;
				ENABLE_OUTGOING_NETWORK_CONNECTIONS = NO;
				ENABLE_PREVIEWS = YES;
				ENABLE_RESOURCE_ACCESS_AUDIO_INPUT = YES;
				ENABLE_RESOURCE_ACCESS_BLUETOOTH = NO;
				ENABLE_RESOURCE_ACCESS_CALENDARS = NO;
				ENABLE_RESOURCE_ACCESS_CAMERA = YES;
				ENABLE_RESOURCE_ACCESS_CONTACTS = NO;
				ENABLE_RESOURCE_ACCESS_LOCATION = NO;
				ENABLE_RESOURCE_ACCESS_PRINTING = NO;
				ENABLE_RESOURCE_ACCESS_USB = YES;
				ENABLE_USER_SELECTED_FILES = readonly;
				GENERATE_INFOPLIST_FILE = NO;
				INFOPLIST_FILE = "Balance X/Info.plist";
				INFOPLIST_KEY_NSAppTransportSecurity_NSAllowsArbitraryLoads = YES;
				INFOPLIST_KEY_RECEIPT_OCR_BASE_URL = "";
				INFOPLIST_KEY_SUPABASE_PUBLISHABLE_KEY = "$(SUPABASE_PUBLISHABLE_KEY)";
				INFOPLIST_KEY_SUPABASE_URL = "$(SUPABASE_URL)";
				"INFOPLIST_KEY_UIApplicationSceneManifest_Generation[sdk=iphoneos*]" = YES;
				"INFOPLIST_KEY_UIApplicationSceneManifest_Generation[sdk=iphonesimulator*]" = YES;
				"INFOPLIST_KEY_UIApplicationSupportsIndirectInputEvents[sdk=iphoneos*]" = YES;
				"INFOPLIST_KEY_UIApplicationSupportsIndirectInputEvents[sdk=iphonesimulator*]" = YES;
				"INFOPLIST_KEY_UILaunchScreen_Generation[sdk=iphoneos*]" = YES;
				"INFOPLIST_KEY_UILaunchScreen_Generation[sdk=iphonesimulator*]" = YES;
				"INFOPLIST_KEY_UIStatusBarStyle[sdk=iphoneos*]" = UIStatusBarStyleDefault;
				"INFOPLIST_KEY_UIStatusBarStyle[sdk=iphonesimulator*]" = UIStatusBarStyleDefault;
				INFOPLIST_KEY_UISupportedInterfaceOrientations_iPad = "UIInterfaceOrientationPortrait UIInterfaceOrientationPortraitUpsideDown UIInterfaceOrientationLandscapeLeft UIInterfaceOrientationLandscapeRight";
				INFOPLIST_KEY_UISupportedInterfaceOrientations_iPhone = "UIInterfaceOrientationPortrait UIInterfaceOrientationLandscapeLeft UIInterfaceOrientationLandscapeRight";
				IPHONEOS_DEPLOYMENT_TARGET = 26.0;
				LD_RUNPATH_SEARCH_PATHS = "@executable_path/Frameworks";
				"LD_RUNPATH_SEARCH_PATHS[sdk=macosx*]" = "@executable_path/../Frameworks";
				MACOSX_DEPLOYMENT_TARGET = 26.3;
				MARKETING_VERSION = 1.0;
				PRODUCT_BUNDLE_IDENTIFIER = "TheClassified.Balance-X";
				PRODUCT_NAME = "$(TARGET_NAME)";
				REGISTER_APP_GROUPS = YES;
				SDKROOT = auto;
				STRING_CATALOG_GENERATE_SYMBOLS = YES;
				SUPPORTED_PLATFORMS = "iphoneos iphonesimulator";
				SUPPORTS_MACCATALYST = NO;
				SWIFT_APPROACHABLE_CONCURRENCY = YES;
				SWIFT_DEFAULT_ACTOR_ISOLATION = MainActor;
				SWIFT_EMIT_LOC_STRINGS = YES;
				SWIFT_UPCOMING_FEATURE_MEMBER_IMPORT_VISIBILITY = YES;
				SWIFT_VERSION = 5.0;
				TARGETED_DEVICE_FAMILY = 1;
				XROS_DEPLOYMENT_TARGET = 26.4;
			};
			name = Release;
		};
		C37277A52F7CA8A400CDDF86 /* Debug */ = {
			isa = XCBuildConfiguration;
			buildSettings = {
				BUNDLE_LOADER = "$(TEST_HOST)";
				CODE_SIGN_STYLE = Automatic;
				CURRENT_PROJECT_VERSION = 1;
				DEVELOPMENT_TEAM = 7AHY966FN2;
				GENERATE_INFOPLIST_FILE = YES;
				IPHONEOS_DEPLOYMENT_TARGET = 26.4;
				MACOSX_DEPLOYMENT_TARGET = 26.3;
				MARKETING_VERSION = 1.0;
				PRODUCT_BUNDLE_IDENTIFIER = "TheClassified.Balance-XTests";
				PRODUCT_NAME = "$(TARGET_NAME)";
				SDKROOT = auto;
				STRING_CATALOG_GENERATE_SYMBOLS = NO;
				SUPPORTED_PLATFORMS = "iphoneos iphonesimulator macosx xros xrsimulator";
				SWIFT_APPROACHABLE_CONCURRENCY = YES;
				SWIFT_EMIT_LOC_STRINGS = NO;
				SWIFT_UPCOMING_FEATURE_MEMBER_IMPORT_VISIBILITY = YES;
				SWIFT_VERSION = 5.0;
				TARGETED_DEVICE_FAMILY = "1,2,7";
				TEST_HOST = "$(BUILT_PRODUCTS_DIR)/Balance X.app/$(BUNDLE_EXECUTABLE_FOLDER_PATH)/Balance X";
				XROS_DEPLOYMENT_TARGET = 26.4;
			};
			name = Debug;
		};
		C37277A62F7CA8A400CDDF86 /* Release */ = {
			isa = XCBuildConfiguration;
			buildSettings = {
				BUNDLE_LOADER = "$(TEST_HOST)";
				CODE_SIGN_STYLE = Automatic;
				CURRENT_PROJECT_VERSION = 1;
				DEVELOPMENT_TEAM = 7AHY966FN2;
				GENERATE_INFOPLIST_FILE = YES;
				IPHONEOS_DEPLOYMENT_TARGET = 26.4;
				MACOSX_DEPLOYMENT_TARGET = 26.3;
				MARKETING_VERSION = 1.0;
				PRODUCT_BUNDLE_IDENTIFIER = "TheClassified.Balance-XTests";
				PRODUCT_NAME = "$(TARGET_NAME)";
				SDKROOT = auto;
				STRING_CATALOG_GENERATE_SYMBOLS = NO;
				SUPPORTED_PLATFORMS = "iphoneos iphonesimulator macosx xros xrsimulator";
				SWIFT_APPROACHABLE_CONCURRENCY = YES;
				SWIFT_EMIT_LOC_STRINGS = NO;
				SWIFT_UPCOMING_FEATURE_MEMBER_IMPORT_VISIBILITY = YES;
				SWIFT_VERSION = 5.0;
				TARGETED_DEVICE_FAMILY = "1,2,7";
				TEST_HOST = "$(BUILT_PRODUCTS_DIR)/Balance X.app/$(BUNDLE_EXECUTABLE_FOLDER_PATH)/Balance X";
				XROS_DEPLOYMENT_TARGET = 26.4;
			};
			name = Release;
		};
		C37277A82F7CA8A400CDDF86 /* Debug */ = {
			isa = XCBuildConfiguration;
			buildSettings = {
				CODE_SIGN_STYLE = Automatic;
				CURRENT_PROJECT_VERSION = 1;
				DEVELOPMENT_TEAM = 7AHY966FN2;
				GENERATE_INFOPLIST_FILE = YES;
				IPHONEOS_DEPLOYMENT_TARGET = 26.4;
				MACOSX_DEPLOYMENT_TARGET = 26.3;
				MARKETING_VERSION = 1.0;
				PRODUCT_BUNDLE_IDENTIFIER = "TheClassified.Balance-XUITests";
				PRODUCT_NAME = "$(TARGET_NAME)";
				SDKROOT = auto;
				STRING_CATALOG_GENERATE_SYMBOLS = NO;
				SUPPORTED_PLATFORMS = "iphoneos iphonesimulator macosx xros xrsimulator";
				SWIFT_APPROACHABLE_CONCURRENCY = YES;
				SWIFT_EMIT_LOC_STRINGS = NO;
				SWIFT_UPCOMING_FEATURE_MEMBER_IMPORT_VISIBILITY = YES;
				SWIFT_VERSION = 5.0;
				TARGETED_DEVICE_FAMILY = "1,2,7";
				TEST_TARGET_NAME = "Balance X";
				XROS_DEPLOYMENT_TARGET = 26.4;
			};
			name = Debug;
		};
		C37277A92F7CA8A400CDDF86 /* Release */ = {
			isa = XCBuildConfiguration;
			buildSettings = {
				CODE_SIGN_STYLE = Automatic;
				CURRENT_PROJECT_VERSION = 1;
				DEVELOPMENT_TEAM = 7AHY966FN2;
				GENERATE_INFOPLIST_FILE = YES;
				IPHONEOS_DEPLOYMENT_TARGET = 26.4;
				MACOSX_DEPLOYMENT_TARGET = 26.3;
				MARKETING_VERSION = 1.0;
				PRODUCT_BUNDLE_IDENTIFIER = "TheClassified.Balance-XUITests";
				PRODUCT_NAME = "$(TARGET_NAME)";
				SDKROOT = auto;
				STRING_CATALOG_GENERATE_SYMBOLS = NO;
				SUPPORTED_PLATFORMS = "iphoneos iphonesimulator macosx xros xrsimulator";
				SWIFT_APPROACHABLE_CONCURRENCY = YES;
				SWIFT_EMIT_LOC_STRINGS = NO;
				SWIFT_UPCOMING_FEATURE_MEMBER_IMPORT_VISIBILITY = YES;
				SWIFT_VERSION = 5.0;
				TARGETED_DEVICE_FAMILY = "1,2,7";
				TEST_TARGET_NAME = "Balance X";
				XROS_DEPLOYMENT_TARGET = 26.4;
			};
			name = Release;
		};
/* End XCBuildConfiguration section */

/* Begin XCConfigurationList section */
		C356671A2F7D12A400803CD8 /* Build configuration list for PBXNativeTarget "autenticacion" */ = {
			isa = XCConfigurationList;
			buildConfigurations = (
				C356671B2F7D12A400803CD8 /* Debug */,
				C356671C2F7D12A400803CD8 /* Release */,
			);
			defaultConfigurationIsVisible = 0;
			defaultConfigurationName = Release;
		};
		C372777B2F7CA8A200CDDF86 /* Build configuration list for PBXProject "Balance X" */ = {
			isa = XCConfigurationList;
			buildConfigurations = (
				C372779F2F7CA8A400CDDF86 /* Debug */,
				C37277A02F7CA8A400CDDF86 /* Release */,
			);
			defaultConfigurationIsVisible = 0;
			defaultConfigurationName = Release;
		};
		C37277A12F7CA8A400CDDF86 /* Build configuration list for PBXNativeTarget "Balance X" */ = {
			isa = XCConfigurationList;
			buildConfigurations = (
				C37277A22F7CA8A400CDDF86 /* Debug */,
				C37277A32F7CA8A400CDDF86 /* Release */,
			);
			defaultConfigurationIsVisible = 0;
			defaultConfigurationName = Release;
		};
		C37277A42F7CA8A400CDDF86 /* Build configuration list for PBXNativeTarget "Balance XTests" */ = {
			isa = XCConfigurationList;
			buildConfigurations = (
				C37277A52F7CA8A400CDDF86 /* Debug */,
				C37277A62F7CA8A400CDDF86 /* Release */,
			);
			defaultConfigurationIsVisible = 0;
			defaultConfigurationName = Release;
		};
		C37277A72F7CA8A400CDDF86 /* Build configuration list for PBXNativeTarget "Balance XUITests" */ = {
			isa = XCConfigurationList;
			buildConfigurations = (
				C37277A82F7CA8A400CDDF86 /* Debug */,
				C37277A92F7CA8A400CDDF86 /* Release */,
			);
			defaultConfigurationIsVisible = 0;
			defaultConfigurationName = Release;
		};
/* End XCConfigurationList section */

/* Begin XCRemoteSwiftPackageReference section */
		F1A001B32A00111100AAA111 /* XCRemoteSwiftPackageReference "supabase-swift" */ = {
			isa = XCRemoteSwiftPackageReference;
			repositoryURL = "https://github.com/supabase/supabase-swift";
			requirement = {
				kind = upToNextMajorVersion;
				minimumVersion = 2.30.0;
			};
		};
/* End XCRemoteSwiftPackageReference section */

/* Begin XCSwiftPackageProductDependency section */
		C31913EF2F7E789700B0FA3B /* Supabase */ = {
			isa = XCSwiftPackageProductDependency;
			package = F1A001B32A00111100AAA111 /* XCRemoteSwiftPackageReference "supabase-swift" */;
			productName = Supabase;
		};
		F1A001B22A00111100AAA111 /* Supabase */ = {
			isa = XCSwiftPackageProductDependency;
			package = F1A001B32A00111100AAA111 /* XCRemoteSwiftPackageReference "supabase-swift" */;
			productName = Supabase;
		};
/* End XCSwiftPackageProductDependency section */
	};
	rootObject = C37277782F7CA8A200CDDF86 /* Project object */;
}
